
Microsoft Visual Studio Solution File, Format Version 12.00
# Visual Studio 15
VisualStudioVersion = 15.0.26228.4
MinimumVisualStudioVersion = 10.0.40219.1
Project("{FAE04EC0-301F-11D3-BF4B-00C04F79EFBC}") = "Pvirtech.Metro", "Pvirtech.Metro\Pvirtech.Metro.csproj", "{1A8F5E0B-5EA8-4C04-9F1B-1482D08F878A}"
EndProject
Project("{FAE04EC0-301F-11D3-BF4B-00C04F79EFBC}") = "Pvirtech.CommandSystem.Test", "Pvirtech.CommandSystem.Test\Pvirtech.CommandSystem.Test.csproj", "{1E777765-CC92-46A6-A445-A1402DB7879C}"
EndProject
Project("{2150E333-8FDC-42A3-9474-1A3956D46DE8}") = "Lib", "Lib", "{143FF240-4FEA-44BB-B5CB-09AB89CA0CC0}"
	ProjectSection(SolutionItems) = preProject
		Lib\JetBrains.Annotations.dll = Lib\JetBrains.Annotations.dll
		Lib\System.Windows.Interactivity.dll = Lib\System.Windows.Interactivity.dll
	EndProjectSection
EndProject
Project("{FAE04EC0-301F-11D3-BF4B-00C04F79EFBC}") = "Pvirtech.CommandSystem", "Pvirtech.CommandSystem\Pvirtech.CommandSystem.csproj", "{73E04DD4-0FF7-472F-AB2C-8C7A0B18EE67}"
EndProject
Project("{FAE04EC0-301F-11D3-BF4B-00C04F79EFBC}") = "Pvirtech.Framework.Controls", "Pvirtech.Framework.Controls\Pvirtech.Framework.Controls.csproj", "{DC991A17-135E-427D-AF9F-DD1C55BBE359}"
EndProject
Project("{FAE04EC0-301F-11D3-BF4B-00C04F79EFBC}") = "Pvirtech.Framework.Resources", "Pvirtech.Framework.Resources\Pvirtech.Framework.Resources.csproj", "{2659BCF3-EA1F-4499-A505-83A7A341EDC1}"
EndProject
Global
	GlobalSection(SolutionConfigurationPlatforms) = preSolution
		Debug|Any CPU = Debug|Any CPU
		Release|Any CPU = Release|Any CPU
	EndGlobalSection
	GlobalSection(ProjectConfigurationPlatforms) = postSolution
		{1A8F5E0B-5EA8-4C04-9F1B-1482D08F878A}.Debug|Any CPU.ActiveCfg = Debug|Any CPU
		{1A8F5E0B-5EA8-4C04-9F1B-1482D08F878A}.Debug|Any CPU.Build.0 = Debug|Any CPU
		{1A8F5E0B-5EA8-4C04-9F1B-1482D08F878A}.Release|Any CPU.ActiveCfg = Release|Any CPU
		{1A8F5E0B-5EA8-4C04-9F1B-1482D08F878A}.Release|Any CPU.Build.0 = Release|Any CPU
		{1E777765-CC92-46A6-A445-A1402DB7879C}.Debug|Any CPU.ActiveCfg = Debug|Any CPU
		{1E777765-CC92-46A6-A445-A1402DB7879C}.Debug|Any CPU.Build.0 = Debug|Any CPU
		{1E777765-CC92-46A6-A445-A1402DB7879C}.Release|Any CPU.ActiveCfg = Release|Any CPU
		{1E777765-CC92-46A6-A445-A1402DB7879C}.Release|Any CPU.Build.0 = Release|Any CPU
		{73E04DD4-0FF7-472F-AB2C-8C7A0B18EE67}.Debug|Any CPU.ActiveCfg = Debug|Any CPU
		{73E04DD4-0FF7-472F-AB2C-8C7A0B18EE67}.Debug|Any CPU.Build.0 = Debug|Any CPU
		{73E04DD4-0FF7-472F-AB2C-8C7A0B18EE67}.Release|Any CPU.ActiveCfg = Release|Any CPU
		{73E04DD4-0FF7-472F-AB2C-8C7A0B18EE67}.Release|Any CPU.Build.0 = Release|Any CPU
		{DC991A17-135E-427D-AF9F-DD1C55BBE359}.Debug|Any CPU.ActiveCfg = Debug|Any CPU
		{DC991A17-135E-427D-AF9F-DD1C55BBE359}.Debug|Any CPU.Build.0 = Debug|Any CPU
		{DC991A17-135E-427D-AF9F-DD1C55BBE359}.Release|Any CPU.ActiveCfg = Release|Any CPU
		{DC991A17-135E-427D-AF9F-DD1C55BBE359}.Release|Any CPU.Build.0 = Release|Any CPU
		{2659BCF3-EA1F-4499-A505-83A7A341EDC1}.Debug|Any CPU.ActiveCfg = Debug|Any CPU
		{2659BCF3-EA1F-4499-A505-83A7A341EDC1}.Debug|Any CPU.Build.0 = Debug|Any CPU
		{2659BCF3-EA1F-4499-A505-83A7A341EDC1}.Release|Any CPU.ActiveCfg = Release|Any CPU
		{2659BCF3-EA1F-4499-A505-83A7A341EDC1}.Release|Any CPU.Build.0 = Release|Any CPU
	EndGlobalSection
	GlobalSection(SolutionProperties) = preSolution
		HideSolutionNode = FALSE
	EndGlobalSection
EndGlobal
